
Microsoft Visual Studio Solution File, Format Version 12.00
# Visual Studio Version 17
VisualStudioVersion = 17.10.35013.160
MinimumVisualStudioVersion = 10.0.40219.1
Project("{9A19103F-16F7-4668-BE54-9A1E7A4F7556}") = "PersonalAccount.API", "PersonalAccount.API.csproj", "{8BEB6833-E82F-416B-91D4-8F7C05FA0C23}"
EndProject
Global
	GlobalSection(SolutionConfigurationPlatforms) = preSolution
		Debug|Any CPU = Debug|Any CPU
		Release|Any CPU = Release|Any CPU
	EndGlobalSection
	GlobalSection(ProjectConfigurationPlatforms) = postSolution
		{8BEB6833-E82F-416B-91D4-8F7C05FA0C23}.Debug|Any CPU.ActiveCfg = Debug|Any CPU
		{8BEB6833-E82F-416B-91D4-8F7C05FA0C23}.Debug|Any CPU.Build.0 = Debug|Any CPU
		{8BEB6833-E82F-416B-91D4-8F7C05FA0C23}.Release|Any CPU.ActiveCfg = Release|Any CPU
		{8BEB6833-E82F-416B-91D4-8F7C05FA0C23}.Release|Any CPU.Build.0 = Release|Any CPU
	EndGlobalSection
	GlobalSection(SolutionProperties) = preSolution
		HideSolutionNode = FALSE
	EndGlobalSection
	GlobalSection(ExtensibilityGlobals) = postSolution
		SolutionGuid = {85EF35BD-A3A7-4E25-83F5-2BA7A9EB270B}
	EndGlobalSection
EndGlobal
